// !$*UTF8*$!
{
	archiveVersion = 1;
	classes = {
	};
	objectVersion = 77;
	objects = {

/* Begin PBXBuildFile section */
		0520BDDC2E69E1BE003D0173 /* EditorKit in Frameworks */ = {isa = PBXBuildFile; productRef = 0520BDDB2E69E1BE003D0173 /* EditorKit */; };
		0520BDDE2E69E1BE003D0173 /* NovelCore in Frameworks */ = {isa = PBXBuildFile; productRef = 0520BDDD2E69E1BE003D0173 /* NovelCore */; };
		0520BDE02E69E1BE003D0173 /* NovelStorage in Frameworks */ = {isa = PBXBuildFile; productRef = 0520BDDF2E69E1BE003D0173 /* NovelStorage */; };
		0520BDE22E69E1BE003D0173 /* NovelUI in Frameworks */ = {isa = PBXBuildFile; productRef = 0520BDE12E69E1BE003D0173 /* NovelUI */; };
		0520BDE42E69E1BE003D0173 /* PreviewSupport in Frameworks */ = {isa = PBXBuildFile; productRef = 0520BDE32E69E1BE003D0173 /* PreviewSupport */; };
/* End PBXBuildFile section */

/* Begin PBXContainerItemProxy section */
		05F12C602E508CF30065F47A /* PBXContainerItemProxy */ = {
			isa = PBXContainerItemProxy;
			containerPortal = 05F12C4A2E508CF00065F47A /* Project object */;
			proxyType = 1;
			remoteGlobalIDString = 05F12C512E508CF00065F47A;
			remoteInfo = Novel;
		};
		05F12C6A2E508CF30065F47A /* PBXContainerItemProxy */ = {
			isa = PBXContainerItemProxy;
			containerPortal = 05F12C4A2E508CF00065F47A /* Project object */;
			proxyType = 1;
			remoteGlobalIDString = 05F12C512E508CF00065F47A;
			remoteInfo = Novel;
		};
/* End PBXContainerItemProxy section */

/* Begin PBXFileReference section */
		052A41F92E71B67300B812EE /* .gitignore */ = {isa = PBXFileReference; lastKnownFileType = text; path = .gitignore; sourceTree = "<group>"; };
		052A41FA2E71B69500B812EE /* README.md */ = {isa = PBXFileReference; lastKnownFileType = net.daringfireball.markdown; path = README.md; sourceTree = "<group>"; };
		05A80BB62E772D060029D898 /* Makefile */ = {isa = PBXFileReference; lastKnownFileType = sourcecode.make; path = Makefile; sourceTree = "<group>"; };
		05F12C522E508CF00065F47A /* Novel.app */ = {isa = PBXFileReference; explicitFileType = wrapper.application; includeInIndex = 0; path = Novel.app; sourceTree = BUILT_PRODUCTS_DIR; };
		05F12C5F2E508CF30065F47A /* NovelTests.xctest */ = {isa = PBXFileReference; explicitFileType = wrapper.cfbundle; includeInIndex = 0; path = NovelTests.xctest; sourceTree = BUILT_PRODUCTS_DIR; };
		05F12C692E508CF30065F47A /* NovelUITests.xctest */ = {isa = PBXFileReference; explicitFileType = wrapper.cfbundle; includeInIndex = 0; path = NovelUITests.xctest; sourceTree = BUILT_PRODUCTS_DIR; };
		05F12C7D2E508EFB0065F47A /* NovelCore */ = {isa = PBXFileReference; lastKnownFileType = wrapper; path = NovelCore; sourceTree = "<group>"; };
		05F12C7E2E508F5E0065F47A /* NovelStorage */ = {isa = PBXFileReference; lastKnownFileType = wrapper; path = NovelStorage; sourceTree = "<group>"; };
		05F12C7F2E508F7E0065F47A /* NovelUI */ = {isa = PBXFileReference; lastKnownFileType = wrapper; path = NovelUI; sourceTree = "<group>"; };
		05F12C802E508F940065F47A /* EditorKit */ = {isa = PBXFileReference; lastKnownFileType = wrapper; path = EditorKit; sourceTree = "<group>"; };
		05F12CA12E517CFC0065F47A /* PreviewSupport */ = {isa = PBXFileReference; lastKnownFileType = wrapper; path = PreviewSupport; sourceTree = "<group>"; };
/* End PBXFileReference section */

/* Begin PBXFileSystemSynchronizedRootGroup section */
		052A41FB2E71C96B00B812EE /* .github */ = {
			isa = PBXFileSystemSynchronizedRootGroup;
			path = .github;
			sourceTree = "<group>";
		};
		05F12C542E508CF00065F47A /* Novel */ = {
			isa = PBXFileSystemSynchronizedRootGroup;
			path = Novel;
			sourceTree = "<group>";
		};
		05F12C622E508CF30065F47A /* NovelTests */ = {
			isa = PBXFileSystemSynchronizedRootGroup;
			path = NovelTests;
			sourceTree = "<group>";
		};
		05F12C6C2E508CF30065F47A /* NovelUITests */ = {
			isa = PBXFileSystemSynchronizedRootGroup;
			path = NovelUITests;
			sourceTree = "<group>";
		};
/* End PBXFileSystemSynchronizedRootGroup section */

/* Begin PBXFrameworksBuildPhase section */
		05F12C4F2E508CF00065F47A /* Frameworks */ = {
			isa = PBXFrameworksBuildPhase;
			buildActionMask = 2147483647;
			files = (
				0520BDDE2E69E1BE003D0173 /* NovelCore in Frameworks */,
				0520BDE22E69E1BE003D0173 /* NovelUI in Frameworks */,
				0520BDE02E69E1BE003D0173 /* NovelStorage in Frameworks */,
				0520BDE42E69E1BE003D0173 /* PreviewSupport in Frameworks */,
				0520BDDC2E69E1BE003D0173 /* EditorKit in Frameworks */,
			);
			runOnlyForDeploymentPostprocessing = 0;
		};
		05F12C5C2E508CF30065F47A /* Frameworks */ = {
			isa = PBXFrameworksBuildPhase;
			buildActionMask = 2147483647;
			files = (
			);
			runOnlyForDeploymentPostprocessing = 0;
		};
		05F12C662E508CF30065F47A /* Frameworks */ = {
			isa = PBXFrameworksBuildPhase;
			buildActionMask = 2147483647;
			files = (
			);
			runOnlyForDeploymentPostprocessing = 0;
		};
/* End PBXFrameworksBuildPhase section */

/* Begin PBXGroup section */
		0520BDDA2E69E1BE003D0173 /* Frameworks */ = {
			isa = PBXGroup;
			children = (
			);
			name = Frameworks;
			sourceTree = "<group>";
		};
		05F12C492E508CF00065F47A = {
			isa = PBXGroup;
			children = (
				05F12CA12E517CFC0065F47A /* PreviewSupport */,
				05F12C802E508F940065F47A /* EditorKit */,
				05F12C7F2E508F7E0065F47A /* NovelUI */,
				05F12C7E2E508F5E0065F47A /* NovelStorage */,
				05F12C7D2E508EFB0065F47A /* NovelCore */,
				05F12C542E508CF00065F47A /* Novel */,
				05F12C622E508CF30065F47A /* NovelTests */,
				05F12C6C2E508CF30065F47A /* NovelUITests */,
				0520BDDA2E69E1BE003D0173 /* Frameworks */,
				05F12C532E508CF00065F47A /* Products */,
				052A41FA2E71B69500B812EE /* README.md */,
				052A41F92E71B67300B812EE /* .gitignore */,
				05A80BB62E772D060029D898 /* Makefile */,
				052A41FB2E71C96B00B812EE /* .github */,
			);
			sourceTree = "<group>";
		};
		05F12C532E508CF00065F47A /* Products */ = {
			isa = PBXGroup;
			children = (
				05F12C522E508CF00065F47A /* Novel.app */,
				05F12C5F2E508CF30065F47A /* NovelTests.xctest */,
				05F12C692E508CF30065F47A /* NovelUITests.xctest */,
			);
			name = Products;
			sourceTree = "<group>";
		};
/* End PBXGroup section */

/* Begin PBXNativeTarget section */
		05F12C512E508CF00065F47A /* Novel */ = {
			isa = PBXNativeTarget;
			buildConfigurationList = 05F12C732E508CF30065F47A /* Build configuration list for PBXNativeTarget "Novel" */;
			buildPhases = (
				05F12C4E2E508CF00065F47A /* Sources */,
				05F12C4F2E508CF00065F47A /* Frameworks */,
				05F12C502E508CF00065F47A /* Resources */,
			);
			buildRules = (
			);
			dependencies = (
			);
			fileSystemSynchronizedGroups = (
				05F12C542E508CF00065F47A /* Novel */,
			);
			name = Novel;
			packageProductDependencies = (
				0520BDDB2E69E1BE003D0173 /* EditorKit */,
				0520BDDD2E69E1BE003D0173 /* NovelCore */,
				0520BDDF2E69E1BE003D0173 /* NovelStorage */,
				0520BDE12E69E1BE003D0173 /* NovelUI */,
				0520BDE32E69E1BE003D0173 /* PreviewSupport */,
			);
			productName = Novel;
			productReference = 05F12C522E508CF00065F47A /* Novel.app */;
			productType = "com.apple.product-type.application";
		};
		05F12C5E2E508CF30065F47A /* NovelTests */ = {
			isa = PBXNativeTarget;
			buildConfigurationList = 05F12C762E508CF30065F47A /* Build configuration list for PBXNativeTarget "NovelTests" */;
			buildPhases = (
				05F12C5B2E508CF30065F47A /* Sources */,
				05F12C5C2E508CF30065F47A /* Frameworks */,
				05F12C5D2E508CF30065F47A /* Resources */,
			);
			buildRules = (
			);
			dependencies = (
				05F12C612E508CF30065F47A /* PBXTargetDependency */,
			);
			fileSystemSynchronizedGroups = (
				05F12C622E508CF30065F47A /* NovelTests */,
			);
			name = NovelTests;
			packageProductDependencies = (
			);
			productName = NovelTests;
			productReference = 05F12C5F2E508CF30065F47A /* NovelTests.xctest */;
			productType = "com.apple.product-type.bundle.unit-test";
		};
		05F12C682E508CF30065F47A /* NovelUITests */ = {
			isa = PBXNativeTarget;
			buildConfigurationList = 05F12C792E508CF30065F47A /* Build configuration list for PBXNativeTarget "NovelUITests" */;
			buildPhases = (
				05F12C652E508CF30065F47A /* Sources */,
				05F12C662E508CF30065F47A /* Frameworks */,
				05F12C672E508CF30065F47A /* Resources */,
			);
			buildRules = (
			);
			dependencies = (
				05F12C6B2E508CF30065F47A /* PBXTargetDependency */,
			);
			fileSystemSynchronizedGroups = (
				05F12C6C2E508CF30065F47A /* NovelUITests */,
			);
			name = NovelUITests;
			packageProductDependencies = (
			);
			productName = NovelUITests;
			productReference = 05F12C692E508CF30065F47A /* NovelUITests.xctest */;
			productType = "com.apple.product-type.bundle.ui-testing";
		};
/* End PBXNativeTarget section */

/* Begin PBXProject section */
		05F12C4A2E508CF00065F47A /* Project object */ = {
			isa = PBXProject;
			attributes = {
				BuildIndependentTargetsInParallel = 1;
				LastSwiftUpdateCheck = 2600;
				LastUpgradeCheck = 2600;
				TargetAttributes = {
					05F12C512E508CF00065F47A = {
						CreatedOnToolsVersion = 26.0;
					};
					05F12C5E2E508CF30065F47A = {
						CreatedOnToolsVersion = 26.0;
						TestTargetID = 05F12C512E508CF00065F47A;
					};
					05F12C682E508CF30065F47A = {
						CreatedOnToolsVersion = 26.0;
						TestTargetID = 05F12C512E508CF00065F47A;
					};
				};
			};
			buildConfigurationList = 05F12C4D2E508CF00065F47A /* Build configuration list for PBXProject "Novel" */;
			developmentRegion = en;
			hasScannedForEncodings = 0;
			knownRegions = (
				en,
				Base,
			);
			mainGroup = 05F12C492E508CF00065F47A;
			minimizedProjectReferenceProxies = 1;
			packageReferences = (
				05003B282E61D9610033AEBD /* XCLocalSwiftPackageReference "EditorKit" */,
				05003B292E61D96B0033AEBD /* XCLocalSwiftPackageReference "NovelCore" */,
				05003B2A2E61D97A0033AEBD /* XCLocalSwiftPackageReference "NovelStorage" */,
				05003B2B2E61D9840033AEBD /* XCLocalSwiftPackageReference "NovelUI" */,
				05003B2C2E61D9960033AEBD /* XCLocalSwiftPackageReference "PreviewSupport" */,
			);
			preferredProjectObjectVersion = 77;
			productRefGroup = 05F12C532E508CF00065F47A /* Products */;
			projectDirPath = "";
			projectRoot = "";
			targets = (
				05F12C512E508CF00065F47A /* Novel */,
				05F12C5E2E508CF30065F47A /* NovelTests */,
				05F12C682E508CF30065F47A /* NovelUITests */,
			);
		};
/* End PBXProject section */

/* Begin PBXResourcesBuildPhase section */
		05F12C502E508CF00065F47A /* Resources */ = {
			isa = PBXResourcesBuildPhase;
			buildActionMask = 2147483647;
			files = (
			);
			runOnlyForDeploymentPostprocessing = 0;
		};
		05F12C5D2E508CF30065F47A /* Resources */ = {
			isa = PBXResourcesBuildPhase;
			buildActionMask = 2147483647;
			files = (
			);
			runOnlyForDeploymentPostprocessing = 0;
		};
		05F12C672E508CF30065F47A /* Resources */ = {
			isa = PBXResourcesBuildPhase;
			buildActionMask = 2147483647;
			files = (
			);
			runOnlyForDeploymentPostprocessing = 0;
		};
/* End PBXResourcesBuildPhase section */

/* Begin PBXSourcesBuildPhase section */
		05F12C4E2E508CF00065F47A /* Sources */ = {
			isa = PBXSourcesBuildPhase;
			buildActionMask = 2147483647;
			files = (
			);
			runOnlyForDeploymentPostprocessing = 0;
		};
		05F12C5B2E508CF30065F47A /* Sources */ = {
			isa = PBXSourcesBuildPhase;
			buildActionMask = 2147483647;
			files = (
			);
			runOnlyForDeploymentPostprocessing = 0;
		};
		05F12C652E508CF30065F47A /* Sources */ = {
			isa = PBXSourcesBuildPhase;
			buildActionMask = 2147483647;
			files = (
			);
			runOnlyForDeploymentPostprocessing = 0;
		};
/* End PBXSourcesBuildPhase section */

/* Begin PBXTargetDependency section */
		05F12C612E508CF30065F47A /* PBXTargetDependency */ = {
			isa = PBXTargetDependency;
			target = 05F12C512E508CF00065F47A /* Novel */;
			targetProxy = 05F12C602E508CF30065F47A /* PBXContainerItemProxy */;
		};
		05F12C6B2E508CF30065F47A /* PBXTargetDependency */ = {
			isa = PBXTargetDependency;
			target = 05F12C512E508CF00065F47A /* Novel */;
			targetProxy = 05F12C6A2E508CF30065F47A /* PBXContainerItemProxy */;
		};
/* End PBXTargetDependency section */

/* Begin XCBuildConfiguration section */
		05F12C712E508CF30065F47A /* Debug */ = {
			isa = XCBuildConfiguration;
			buildSettings = {
				ALWAYS_SEARCH_USER_PATHS = NO;
				ASSETCATALOG_COMPILER_GENERATE_SWIFT_ASSET_SYMBOL_EXTENSIONS = YES;
				CLANG_ANALYZER_NONNULL = YES;
				CLANG_ANALYZER_NUMBER_OBJECT_CONVERSION = YES_AGGRESSIVE;
				CLANG_CXX_LANGUAGE_STANDARD = "gnu++20";
				CLANG_ENABLE_MODULES = YES;
				CLANG_ENABLE_OBJC_ARC = YES;
				CLANG_ENABLE_OBJC_WEAK = YES;
				CLANG_WARN_BLOCK_CAPTURE_AUTORELEASING = YES;
				CLANG_WARN_BOOL_CONVERSION = YES;
				CLANG_WARN_COMMA = YES;
				CLANG_WARN_CONSTANT_CONVERSION = YES;
				CLANG_WARN_DEPRECATED_OBJC_IMPLEMENTATIONS = YES;
				CLANG_WARN_DIRECT_OBJC_ISA_USAGE = YES_ERROR;
				CLANG_WARN_DOCUMENTATION_COMMENTS = YES;
				CLANG_WARN_EMPTY_BODY = YES;
				CLANG_WARN_ENUM_CONVERSION = YES;
				CLANG_WARN_INFINITE_RECURSION = YES;
				CLANG_WARN_INT_CONVERSION = YES;
				CLANG_WARN_NON_LITERAL_NULL_CONVERSION = YES;
				CLANG_WARN_OBJC_IMPLICIT_RETAIN_SELF = YES;
				CLANG_WARN_OBJC_LITERAL_CONVERSION = YES;
				CLANG_WARN_OBJC_ROOT_CLASS = YES_ERROR;
				CLANG_WARN_QUOTED_INCLUDE_IN_FRAMEWORK_HEADER = YES;
				CLANG_WARN_RANGE_LOOP_ANALYSIS = YES;
				CLANG_WARN_STRICT_PROTOTYPES = YES;
				CLANG_WARN_SUSPICIOUS_MOVE = YES;
				CLANG_WARN_UNGUARDED_AVAILABILITY = YES_AGGRESSIVE;
				CLANG_WARN_UNREACHABLE_CODE = YES;
				CLANG_WARN__DUPLICATE_METHOD_MATCH = YES;
				COPY_PHASE_STRIP = NO;
				DEBUG_INFORMATION_FORMAT = dwarf;
				ENABLE_STRICT_OBJC_MSGSEND = YES;
				ENABLE_TESTABILITY = YES;
				ENABLE_USER_SCRIPT_SANDBOXING = YES;
				GCC_C_LANGUAGE_STANDARD = gnu17;
				GCC_DYNAMIC_NO_PIC = NO;
				GCC_NO_COMMON_BLOCKS = YES;
				GCC_OPTIMIZATION_LEVEL = 0;
				GCC_PREPROCESSOR_DEFINITIONS = (
					"DEBUG=1",
					"$(inherited)",
				);
				GCC_WARN_64_TO_32_BIT_CONVERSION = YES;
				GCC_WARN_ABOUT_RETURN_TYPE = YES_ERROR;
				GCC_WARN_UNDECLARED_SELECTOR = YES;
				GCC_WARN_UNINITIALIZED_AUTOS = YES_AGGRESSIVE;
				GCC_WARN_UNUSED_FUNCTION = YES;
				GCC_WARN_UNUSED_VARIABLE = YES;
				LOCALIZATION_PREFERS_STRING_CATALOGS = YES;
				MACOSX_DEPLOYMENT_TARGET = 26.0;
				MTL_ENABLE_DEBUG_INFO = INCLUDE_SOURCE;
				MTL_FAST_MATH = YES;
				ONLY_ACTIVE_ARCH = YES;
				SDKROOT = macosx;
				SWIFT_ACTIVE_COMPILATION_CONDITIONS = "DEBUG $(inherited)";
				SWIFT_OPTIMIZATION_LEVEL = "-Onone";
			};
			name = Debug;
		};
		05F12C722E508CF30065F47A /* Release */ = {
			isa = XCBuildConfiguration;
			buildSettings = {
				ALWAYS_SEARCH_USER_PATHS = NO;
				ASSETCATALOG_COMPILER_GENERATE_SWIFT_ASSET_SYMBOL_EXTENSIONS = YES;
				CLANG_ANALYZER_NONNULL = YES;
				CLANG_ANALYZER_NUMBER_OBJECT_CONVERSION = YES_AGGRESSIVE;
				CLANG_CXX_LANGUAGE_STANDARD = "gnu++20";
				CLANG_ENABLE_MODULES = YES;
				CLANG_ENABLE_OBJC_ARC = YES;
				CLANG_ENABLE_OBJC_WEAK = YES;
				CLANG_WARN_BLOCK_CAPTURE_AUTORELEASING = YES;
				CLANG_WARN_BOOL_CONVERSION = YES;
				CLANG_WARN_COMMA = YES;
				CLANG_WARN_CONSTANT_CONVERSION = YES;
				CLANG_WARN_DEPRECATED_OBJC_IMPLEMENTATIONS = YES;
				CLANG_WARN_DIRECT_OBJC_ISA_USAGE = YES_ERROR;
				CLANG_WARN_DOCUMENTATION_COMMENTS = YES;
				CLANG_WARN_EMPTY_BODY = YES;
				CLANG_WARN_ENUM_CONVERSION = YES;
				CLANG_WARN_INFINITE_RECURSION = YES;
				CLANG_WARN_INT_CONVERSION = YES;
				CLANG_WARN_NON_LITERAL_NULL_CONVERSION = YES;
				CLANG_WARN_OBJC_IMPLICIT_RETAIN_SELF = YES;
				CLANG_WARN_OBJC_LITERAL_CONVERSION = YES;
				CLANG_WARN_OBJC_ROOT_CLASS = YES_ERROR;
				CLANG_WARN_QUOTED_INCLUDE_IN_FRAMEWORK_HEADER = YES;
				CLANG_WARN_RANGE_LOOP_ANALYSIS = YES;
				CLANG_WARN_STRICT_PROTOTYPES = YES;
				CLANG_WARN_SUSPICIOUS_MOVE = YES;
				CLANG_WARN_UNGUARDED_AVAILABILITY = YES_AGGRESSIVE;
				CLANG_WARN_UNREACHABLE_CODE = YES;
				CLANG_WARN__DUPLICATE_METHOD_MATCH = YES;
				COPY_PHASE_STRIP = NO;
				DEBUG_INFORMATION_FORMAT = "dwarf-with-dsym";
				ENABLE_NS_ASSERTIONS = NO;
				ENABLE_STRICT_OBJC_MSGSEND = YES;
				ENABLE_USER_SCRIPT_SANDBOXING = YES;
				GCC_C_LANGUAGE_STANDARD = gnu17;
				GCC_NO_COMMON_BLOCKS = YES;
				GCC_WARN_64_TO_32_BIT_CONVERSION = YES;
				GCC_WARN_ABOUT_RETURN_TYPE = YES_ERROR;
				GCC_WARN_UNDECLARED_SELECTOR = YES;
				GCC_WARN_UNINITIALIZED_AUTOS = YES_AGGRESSIVE;
				GCC_WARN_UNUSED_FUNCTION = YES;
				GCC_WARN_UNUSED_VARIABLE = YES;
				LOCALIZATION_PREFERS_STRING_CATALOGS = YES;
				MACOSX_DEPLOYMENT_TARGET = 26.0;
				MTL_ENABLE_DEBUG_INFO = NO;
				MTL_FAST_MATH = YES;
				SDKROOT = macosx;
				SWIFT_COMPILATION_MODE = wholemodule;
			};
			name = Release;
		};
		05F12C742E508CF30065F47A /* Debug */ = {
			isa = XCBuildConfiguration;
			buildSettings = {
				ASSETCATALOG_COMPILER_APPICON_NAME = AppIcon;
				ASSETCATALOG_COMPILER_GLOBAL_ACCENT_COLOR_NAME = AccentColor;
				CODE_SIGN_STYLE = Automatic;
				COMBINE_HIDPI_IMAGES = YES;
				CURRENT_PROJECT_VERSION = 1;
				ENABLE_APP_SANDBOX = YES;
				ENABLE_PREVIEWS = YES;
				ENABLE_USER_SELECTED_FILES = readonly;
				GENERATE_INFOPLIST_FILE = YES;
				INFOPLIST_KEY_NSHumanReadableCopyright = "";
				LD_RUNPATH_SEARCH_PATHS = (
					"$(inherited)",
					"@executable_path/../Frameworks",
				);
				MARKETING_VERSION = 1.0;
				PRODUCT_BUNDLE_IDENTIFIER = serika.Novel;
				PRODUCT_NAME = "$(TARGET_NAME)";
				REGISTER_APP_GROUPS = YES;
				STRING_CATALOG_GENERATE_SYMBOLS = YES;
				SWIFT_APPROACHABLE_CONCURRENCY = YES;
				SWIFT_DEFAULT_ACTOR_ISOLATION = MainActor;
				SWIFT_EMIT_LOC_STRINGS = YES;
				SWIFT_UPCOMING_FEATURE_MEMBER_IMPORT_VISIBILITY = YES;
				SWIFT_VERSION = 5.0;
			};
			name = Debug;
		};
		05F12C752E508CF30065F47A /* Release */ = {
			isa = XCBuildConfiguration;
			buildSettings = {
				ASSETCATALOG_COMPILER_APPICON_NAME = AppIcon;
				ASSETCATALOG_COMPILER_GLOBAL_ACCENT_COLOR_NAME = AccentColor;
				CODE_SIGN_STYLE = Automatic;
				COMBINE_HIDPI_IMAGES = YES;
				CURRENT_PROJECT_VERSION = 1;
				ENABLE_APP_SANDBOX = YES;
				ENABLE_PREVIEWS = YES;
				ENABLE_USER_SELECTED_FILES = readonly;
				GENERATE_INFOPLIST_FILE = YES;
				INFOPLIST_KEY_NSHumanReadableCopyright = "";
				LD_RUNPATH_SEARCH_PATHS = (
					"$(inherited)",
					"@executable_path/../Frameworks",
				);
				MARKETING_VERSION = 1.0;
				PRODUCT_BUNDLE_IDENTIFIER = serika.Novel;
				PRODUCT_NAME = "$(TARGET_NAME)";
				REGISTER_APP_GROUPS = YES;
				STRING_CATALOG_GENERATE_SYMBOLS = YES;
				SWIFT_APPROACHABLE_CONCURRENCY = YES;
				SWIFT_DEFAULT_ACTOR_ISOLATION = MainActor;
				SWIFT_EMIT_LOC_STRINGS = YES;
				SWIFT_UPCOMING_FEATURE_MEMBER_IMPORT_VISIBILITY = YES;
				SWIFT_VERSION = 5.0;
			};
			name = Release;
		};
		05F12C772E508CF30065F47A /* Debug */ = {
			isa = XCBuildConfiguration;
			buildSettings = {
				BUNDLE_LOADER = "$(TEST_HOST)";
				CODE_SIGN_STYLE = Automatic;
				CURRENT_PROJECT_VERSION = 1;
				GENERATE_INFOPLIST_FILE = YES;
				MACOSX_DEPLOYMENT_TARGET = 26.0;
				MARKETING_VERSION = 1.0;
				PRODUCT_BUNDLE_IDENTIFIER = serika.NovelTests;
				PRODUCT_NAME = "$(TARGET_NAME)";
				STRING_CATALOG_GENERATE_SYMBOLS = NO;
				SWIFT_APPROACHABLE_CONCURRENCY = YES;
				SWIFT_EMIT_LOC_STRINGS = NO;
				SWIFT_UPCOMING_FEATURE_MEMBER_IMPORT_VISIBILITY = YES;
				SWIFT_VERSION = 5.0;
				TEST_HOST = "$(BUILT_PRODUCTS_DIR)/Novel.app/$(BUNDLE_EXECUTABLE_FOLDER_PATH)/Novel";
			};
			name = Debug;
		};
		05F12C782E508CF30065F47A /* Release */ = {
			isa = XCBuildConfiguration;
			buildSettings = {
				BUNDLE_LOADER = "$(TEST_HOST)";
				CODE_SIGN_STYLE = Automatic;
				CURRENT_PROJECT_VERSION = 1;
				GENERATE_INFOPLIST_FILE = YES;
				MACOSX_DEPLOYMENT_TARGET = 26.0;
				MARKETING_VERSION = 1.0;
				PRODUCT_BUNDLE_IDENTIFIER = serika.NovelTests;
				PRODUCT_NAME = "$(TARGET_NAME)";
				STRING_CATALOG_GENERATE_SYMBOLS = NO;
				SWIFT_APPROACHABLE_CONCURRENCY = YES;
				SWIFT_EMIT_LOC_STRINGS = NO;
				SWIFT_UPCOMING_FEATURE_MEMBER_IMPORT_VISIBILITY = YES;
				SWIFT_VERSION = 5.0;
				TEST_HOST = "$(BUILT_PRODUCTS_DIR)/Novel.app/$(BUNDLE_EXECUTABLE_FOLDER_PATH)/Novel";
			};
			name = Release;
		};
		05F12C7A2E508CF30065F47A /* Debug */ = {
			isa = XCBuildConfiguration;
			buildSettings = {
				CODE_SIGN_STYLE = Automatic;
				CURRENT_PROJECT_VERSION = 1;
				GENERATE_INFOPLIST_FILE = YES;
				MARKETING_VERSION = 1.0;
				PRODUCT_BUNDLE_IDENTIFIER = serika.NovelUITests;
				PRODUCT_NAME = "$(TARGET_NAME)";
				STRING_CATALOG_GENERATE_SYMBOLS = NO;
				SWIFT_APPROACHABLE_CONCURRENCY = YES;
				SWIFT_EMIT_LOC_STRINGS = NO;
				SWIFT_UPCOMING_FEATURE_MEMBER_IMPORT_VISIBILITY = YES;
				SWIFT_VERSION = 5.0;
				TEST_TARGET_NAME = Novel;
			};
			name = Debug;
		};
		05F12C7B2E508CF30065F47A /* Release */ = {
			isa = XCBuildConfiguration;
			buildSettings = {
				CODE_SIGN_STYLE = Automatic;
				CURRENT_PROJECT_VERSION = 1;
				GENERATE_INFOPLIST_FILE = YES;
				MARKETING_VERSION = 1.0;
				PRODUCT_BUNDLE_IDENTIFIER = serika.NovelUITests;
				PRODUCT_NAME = "$(TARGET_NAME)";
				STRING_CATALOG_GENERATE_SYMBOLS = NO;
				SWIFT_APPROACHABLE_CONCURRENCY = YES;
				SWIFT_EMIT_LOC_STRINGS = NO;
				SWIFT_UPCOMING_FEATURE_MEMBER_IMPORT_VISIBILITY = YES;
				SWIFT_VERSION = 5.0;
				TEST_TARGET_NAME = Novel;
			};
			name = Release;
		};
/* End XCBuildConfiguration section */

/* Begin XCConfigurationList section */
		05F12C4D2E508CF00065F47A /* Build configuration list for PBXProject "Novel" */ = {
			isa = XCConfigurationList;
			buildConfigurations = (
				05F12C712E508CF30065F47A /* Debug */,
				05F12C722E508CF30065F47A /* Release */,
			);
			defaultConfigurationIsVisible = 0;
			defaultConfigurationName = Release;
		};
		05F12C732E508CF30065F47A /* Build configuration list for PBXNativeTarget "Novel" */ = {
			isa = XCConfigurationList;
			buildConfigurations = (
				05F12C742E508CF30065F47A /* Debug */,
				05F12C752E508CF30065F47A /* Release */,
			);
			defaultConfigurationIsVisible = 0;
			defaultConfigurationName = Release;
		};
		05F12C762E508CF30065F47A /* Build configuration list for PBXNativeTarget "NovelTests" */ = {
			isa = XCConfigurationList;
			buildConfigurations = (
				05F12C772E508CF30065F47A /* Debug */,
				05F12C782E508CF30065F47A /* Release */,
			);
			defaultConfigurationIsVisible = 0;
			defaultConfigurationName = Release;
		};
		05F12C792E508CF30065F47A /* Build configuration list for PBXNativeTarget "NovelUITests" */ = {
			isa = XCConfigurationList;
			buildConfigurations = (
				05F12C7A2E508CF30065F47A /* Debug */,
				05F12C7B2E508CF30065F47A /* Release */,
			);
			defaultConfigurationIsVisible = 0;
			defaultConfigurationName = Release;
		};
/* End XCConfigurationList section */

/* Begin XCLocalSwiftPackageReference section */
		05003B282E61D9610033AEBD /* XCLocalSwiftPackageReference "EditorKit" */ = {
			isa = XCLocalSwiftPackageReference;
			relativePath = EditorKit;
		};
		05003B292E61D96B0033AEBD /* XCLocalSwiftPackageReference "NovelCore" */ = {
			isa = XCLocalSwiftPackageReference;
			relativePath = NovelCore;
		};
		05003B2A2E61D97A0033AEBD /* XCLocalSwiftPackageReference "NovelStorage" */ = {
			isa = XCLocalSwiftPackageReference;
			relativePath = NovelStorage;
		};
		05003B2B2E61D9840033AEBD /* XCLocalSwiftPackageReference "NovelUI" */ = {
			isa = XCLocalSwiftPackageReference;
			relativePath = NovelUI;
		};
		05003B2C2E61D9960033AEBD /* XCLocalSwiftPackageReference "PreviewSupport" */ = {
			isa = XCLocalSwiftPackageReference;
			relativePath = PreviewSupport;
		};
/* End XCLocalSwiftPackageReference section */

/* Begin XCSwiftPackageProductDependency section */
		0520BDDB2E69E1BE003D0173 /* EditorKit */ = {
			isa = XCSwiftPackageProductDependency;
			package = 05003B282E61D9610033AEBD /* XCLocalSwiftPackageReference "EditorKit" */;
			productName = EditorKit;
		};
		0520BDDD2E69E1BE003D0173 /* NovelCore */ = {
			isa = XCSwiftPackageProductDependency;
			package = 05003B292E61D96B0033AEBD /* XCLocalSwiftPackageReference "NovelCore" */;
			productName = NovelCore;
		};
		0520BDDF2E69E1BE003D0173 /* NovelStorage */ = {
			isa = XCSwiftPackageProductDependency;
			package = 05003B2A2E61D97A0033AEBD /* XCLocalSwiftPackageReference "NovelStorage" */;
			productName = NovelStorage;
		};
		0520BDE12E69E1BE003D0173 /* NovelUI */ = {
			isa = XCSwiftPackageProductDependency;
			package = 05003B2B2E61D9840033AEBD /* XCLocalSwiftPackageReference "NovelUI" */;
			productName = NovelUI;
		};
		0520BDE32E69E1BE003D0173 /* PreviewSupport */ = {
			isa = XCSwiftPackageProductDependency;
			package = 05003B2C2E61D9960033AEBD /* XCLocalSwiftPackageReference "PreviewSupport" */;
			productName = PreviewSupport;
		};
/* End XCSwiftPackageProductDependency section */
	};
	rootObject = 05F12C4A2E508CF00065F47A /* Project object */;
}
